
Microsoft Visual Studio Solution File, Format Version 12.00
# Visual Studio Version 17
VisualStudioVersion = 17.6.33815.320
MinimumVisualStudioVersion = 10.0.40219.1
Project("{2150E333-8FDC-42A3-9474-1A3956D46DE8}") = "Abtraction", "Abtraction", "{6BC5EB3B-0A14-4969-AC4E-13E36C7D0E1B}"
EndProject
Project("{2150E333-8FDC-42A3-9474-1A3956D46DE8}") = "Common", "Common", "{D77CBBA7-C798-4B28-8C29-CD7E1E695420}"
EndProject
Project("{2150E333-8FDC-42A3-9474-1A3956D46DE8}") = "Services", "Services", "{664746E8-B89F-41E4-A1DC-042F2F5A7505}"
EndProject
Project("{2150E333-8FDC-42A3-9474-1A3956D46DE8}") = "ApiGateways", "ApiGateways", "{4BB92164-DFC0-4AD5-85FB-1CB0E105C505}"
EndProject
Project("{2150E333-8FDC-42A3-9474-1A3956D46DE8}") = "Service1", "Service1", "{25288C0D-8364-4EBE-BDE5-6C59A6D96AFB}"
EndProject
Project("{2150E333-8FDC-42A3-9474-1A3956D46DE8}") = "Service2", "Service2", "{A96C785B-ADC1-4182-9A43-BA4A23AFF6C8}"
EndProject
Project("{9A19103F-16F7-4668-BE54-9A1E7A4F7556}") = "Libraries.Model.Abstract", "Abtraction\Libraries.Model.Abstract\Libraries.Model.Abstract.csproj", "{CDF5078F-A040-4DBC-AB60-E333BAEF9058}"
EndProject
Project("{9A19103F-16F7-4668-BE54-9A1E7A4F7556}") = "Libraries.Abstract", "Abtraction\Libraries.Abstract\Libraries.Abstract.csproj", "{26F4C92D-1A6E-477F-998F-44C322D85ED5}"
EndProject
Project("{9A19103F-16F7-4668-BE54-9A1E7A4F7556}") = "Libraries.Abstract.Data", "Abtraction\Libraries.Abstract.Data\Libraries.Abstract.Data.csproj", "{4AE2C5FC-BD55-4F77-9ABC-310591257F31}"
EndProject
Project("{9A19103F-16F7-4668-BE54-9A1E7A4F7556}") = "Libraries.Abstract.Helper", "Abtraction\Libraries.Abstract.Helper\Libraries.Abstract.Helper.csproj", "{0293770E-5A55-4CBC-A18F-CF156A4D64F6}"
EndProject
Project("{9A19103F-16F7-4668-BE54-9A1E7A4F7556}") = "Libraries.Common.Logger", "Common\Libraries.Common.Logger\Libraries.Common.Logger.csproj", "{9FCD0D66-830F-4072-9ABB-101C8DDAF43B}"
EndProject
Project("{9A19103F-16F7-4668-BE54-9A1E7A4F7556}") = "Libraries.Common.Cache", "Common\Libraries.Common.Cache\Libraries.Common.Cache.csproj", "{17DA15A6-F6EC-4D04-83D7-CB6654491A66}"
EndProject
Project("{9A19103F-16F7-4668-BE54-9A1E7A4F7556}") = "Libraries.Common.Events", "Common\Libraries.Common.Events\Libraries.Common.Events.csproj", "{821E39D3-8DF0-477F-AA8E-753FC65677B6}"
EndProject
Project("{9A19103F-16F7-4668-BE54-9A1E7A4F7556}") = "Libraries.Common.Helper", "Common\Libraries.Common.Helper\Libraries.Common.Helper.csproj", "{156BBCB9-C6BD-43A5-B77A-5963EC0CEFD1}"
EndProject
Project("{9A19103F-16F7-4668-BE54-9A1E7A4F7556}") = "ServiceName.Api.Web", "Services\Service1\ServiceName.Api.Web\ServiceName.Api.Web.csproj", "{F11EC4DC-338A-4C81-B210-6C1BBB3BD69B}"
EndProject
Project("{9A19103F-16F7-4668-BE54-9A1E7A4F7556}") = "ServiceName.Api.Core", "Services\Service1\ServiceName.Api.Core\ServiceName.Api.Core.csproj", "{43D28768-B4CA-412B-8AFC-A24D67ACDCFC}"
EndProject
Project("{9A19103F-16F7-4668-BE54-9A1E7A4F7556}") = "ServiceName.Api.Model", "Services\Service1\ServiceName.Api.Model\ServiceName.Api.Model.csproj", "{94884B45-9700-4FC1-BEBC-1AFE606A7332}"
EndProject
Project("{9A19103F-16F7-4668-BE54-9A1E7A4F7556}") = "ServiceName.Service", "Services\Service1\ServiceName.Service\ServiceName.Service.csproj", "{32886A94-F9A6-44EE-A832-C7554442C6FD}"
EndProject
Project("{9A19103F-16F7-4668-BE54-9A1E7A4F7556}") = "ServiceName.Data", "Services\Service1\ServiceName.Data\ServiceName.Data.csproj", "{0F18B59F-79A5-4D03-84C3-1754E29E9542}"
EndProject
Project("{FAE04EC0-301F-11D3-BF4B-00C04F79EFBC}") = "ApiGetways", "ApiGateways\ApiGetways\ApiGetways.csproj", "{B6354C54-90E2-4776-ABAA-C0848E2D6AC0}"
EndProject
Global
	GlobalSection(SolutionConfigurationPlatforms) = preSolution
		Debug|Any CPU = Debug|Any CPU
		Release|Any CPU = Release|Any CPU
	EndGlobalSection
	GlobalSection(ProjectConfigurationPlatforms) = postSolution
		{CDF5078F-A040-4DBC-AB60-E333BAEF9058}.Debug|Any CPU.ActiveCfg = Debug|Any CPU
		{CDF5078F-A040-4DBC-AB60-E333BAEF9058}.Debug|Any CPU.Build.0 = Debug|Any CPU
		{CDF5078F-A040-4DBC-AB60-E333BAEF9058}.Release|Any CPU.ActiveCfg = Release|Any CPU
		{CDF5078F-A040-4DBC-AB60-E333BAEF9058}.Release|Any CPU.Build.0 = Release|Any CPU
		{26F4C92D-1A6E-477F-998F-44C322D85ED5}.Debug|Any CPU.ActiveCfg = Debug|Any CPU
		{26F4C92D-1A6E-477F-998F-44C322D85ED5}.Debug|Any CPU.Build.0 = Debug|Any CPU
		{26F4C92D-1A6E-477F-998F-44C322D85ED5}.Release|Any CPU.ActiveCfg = Release|Any CPU
		{26F4C92D-1A6E-477F-998F-44C322D85ED5}.Release|Any CPU.Build.0 = Release|Any CPU
		{4AE2C5FC-BD55-4F77-9ABC-310591257F31}.Debug|Any CPU.ActiveCfg = Debug|Any CPU
		{4AE2C5FC-BD55-4F77-9ABC-310591257F31}.Debug|Any CPU.Build.0 = Debug|Any CPU
		{4AE2C5FC-BD55-4F77-9ABC-310591257F31}.Release|Any CPU.ActiveCfg = Release|Any CPU
		{4AE2C5FC-BD55-4F77-9ABC-310591257F31}.Release|Any CPU.Build.0 = Release|Any CPU
		{0293770E-5A55-4CBC-A18F-CF156A4D64F6}.Debug|Any CPU.ActiveCfg = Debug|Any CPU
		{0293770E-5A55-4CBC-A18F-CF156A4D64F6}.Debug|Any CPU.Build.0 = Debug|Any CPU
		{0293770E-5A55-4CBC-A18F-CF156A4D64F6}.Release|Any CPU.ActiveCfg = Release|Any CPU
		{0293770E-5A55-4CBC-A18F-CF156A4D64F6}.Release|Any CPU.Build.0 = Release|Any CPU
		{9FCD0D66-830F-4072-9ABB-101C8DDAF43B}.Debug|Any CPU.ActiveCfg = Debug|Any CPU
		{9FCD0D66-830F-4072-9ABB-101C8DDAF43B}.Debug|Any CPU.Build.0 = Debug|Any CPU
		{9FCD0D66-830F-4072-9ABB-101C8DDAF43B}.Release|Any CPU.ActiveCfg = Release|Any CPU
		{9FCD0D66-830F-4072-9ABB-101C8DDAF43B}.Release|Any CPU.Build.0 = Release|Any CPU
		{17DA15A6-F6EC-4D04-83D7-CB6654491A66}.Debug|Any CPU.ActiveCfg = Debug|Any CPU
		{17DA15A6-F6EC-4D04-83D7-CB6654491A66}.Debug|Any CPU.Build.0 = Debug|Any CPU
		{17DA15A6-F6EC-4D04-83D7-CB6654491A66}.Release|Any CPU.ActiveCfg = Release|Any CPU
		{17DA15A6-F6EC-4D04-83D7-CB6654491A66}.Release|Any CPU.Build.0 = Release|Any CPU
		{821E39D3-8DF0-477F-AA8E-753FC65677B6}.Debug|Any CPU.ActiveCfg = Debug|Any CPU
		{821E39D3-8DF0-477F-AA8E-753FC65677B6}.Debug|Any CPU.Build.0 = Debug|Any CPU
		{821E39D3-8DF0-477F-AA8E-753FC65677B6}.Release|Any CPU.ActiveCfg = Release|Any CPU
		{821E39D3-8DF0-477F-AA8E-753FC65677B6}.Release|Any CPU.Build.0 = Release|Any CPU
		{156BBCB9-C6BD-43A5-B77A-5963EC0CEFD1}.Debug|Any CPU.ActiveCfg = Debug|Any CPU
		{156BBCB9-C6BD-43A5-B77A-5963EC0CEFD1}.Debug|Any CPU.Build.0 = Debug|Any CPU
		{156BBCB9-C6BD-43A5-B77A-5963EC0CEFD1}.Release|Any CPU.ActiveCfg = Release|Any CPU
		{156BBCB9-C6BD-43A5-B77A-5963EC0CEFD1}.Release|Any CPU.Build.0 = Release|Any CPU
		{F11EC4DC-338A-4C81-B210-6C1BBB3BD69B}.Debug|Any CPU.ActiveCfg = Debug|Any CPU
		{F11EC4DC-338A-4C81-B210-6C1BBB3BD69B}.Debug|Any CPU.Build.0 = Debug|Any CPU
		{F11EC4DC-338A-4C81-B210-6C1BBB3BD69B}.Release|Any CPU.ActiveCfg = Release|Any CPU
		{F11EC4DC-338A-4C81-B210-6C1BBB3BD69B}.Release|Any CPU.Build.0 = Release|Any CPU
		{43D28768-B4CA-412B-8AFC-A24D67ACDCFC}.Debug|Any CPU.ActiveCfg = Debug|Any CPU
		{43D28768-B4CA-412B-8AFC-A24D67ACDCFC}.Debug|Any CPU.Build.0 = Debug|Any CPU
		{43D28768-B4CA-412B-8AFC-A24D67ACDCFC}.Release|Any CPU.ActiveCfg = Release|Any CPU
		{43D28768-B4CA-412B-8AFC-A24D67ACDCFC}.Release|Any CPU.Build.0 = Release|Any CPU
		{94884B45-9700-4FC1-BEBC-1AFE606A7332}.Debug|Any CPU.ActiveCfg = Debug|Any CPU
		{94884B45-9700-4FC1-BEBC-1AFE606A7332}.Debug|Any CPU.Build.0 = Debug|Any CPU
		{94884B45-9700-4FC1-BEBC-1AFE606A7332}.Release|Any CPU.ActiveCfg = Release|Any CPU
		{94884B45-9700-4FC1-BEBC-1AFE606A7332}.Release|Any CPU.Build.0 = Release|Any CPU
		{32886A94-F9A6-44EE-A832-C7554442C6FD}.Debug|Any CPU.ActiveCfg = Debug|Any CPU
		{32886A94-F9A6-44EE-A832-C7554442C6FD}.Debug|Any CPU.Build.0 = Debug|Any CPU
		{32886A94-F9A6-44EE-A832-C7554442C6FD}.Release|Any CPU.ActiveCfg = Release|Any CPU
		{32886A94-F9A6-44EE-A832-C7554442C6FD}.Release|Any CPU.Build.0 = Release|Any CPU
		{0F18B59F-79A5-4D03-84C3-1754E29E9542}.Debug|Any CPU.ActiveCfg = Debug|Any CPU
		{0F18B59F-79A5-4D03-84C3-1754E29E9542}.Debug|Any CPU.Build.0 = Debug|Any CPU
		{0F18B59F-79A5-4D03-84C3-1754E29E9542}.Release|Any CPU.ActiveCfg = Release|Any CPU
		{0F18B59F-79A5-4D03-84C3-1754E29E9542}.Release|Any CPU.Build.0 = Release|Any CPU
		{B6354C54-90E2-4776-ABAA-C0848E2D6AC0}.Debug|Any CPU.ActiveCfg = Debug|Any CPU
		{B6354C54-90E2-4776-ABAA-C0848E2D6AC0}.Debug|Any CPU.Build.0 = Debug|Any CPU
		{B6354C54-90E2-4776-ABAA-C0848E2D6AC0}.Release|Any CPU.ActiveCfg = Release|Any CPU
		{B6354C54-90E2-4776-ABAA-C0848E2D6AC0}.Release|Any CPU.Build.0 = Release|Any CPU
	EndGlobalSection
	GlobalSection(SolutionProperties) = preSolution
		HideSolutionNode = FALSE
	EndGlobalSection
	GlobalSection(NestedProjects) = preSolution
		{25288C0D-8364-4EBE-BDE5-6C59A6D96AFB} = {664746E8-B89F-41E4-A1DC-042F2F5A7505}
		{A96C785B-ADC1-4182-9A43-BA4A23AFF6C8} = {664746E8-B89F-41E4-A1DC-042F2F5A7505}
		{CDF5078F-A040-4DBC-AB60-E333BAEF9058} = {6BC5EB3B-0A14-4969-AC4E-13E36C7D0E1B}
		{26F4C92D-1A6E-477F-998F-44C322D85ED5} = {6BC5EB3B-0A14-4969-AC4E-13E36C7D0E1B}
		{4AE2C5FC-BD55-4F77-9ABC-310591257F31} = {6BC5EB3B-0A14-4969-AC4E-13E36C7D0E1B}
		{0293770E-5A55-4CBC-A18F-CF156A4D64F6} = {6BC5EB3B-0A14-4969-AC4E-13E36C7D0E1B}
		{9FCD0D66-830F-4072-9ABB-101C8DDAF43B} = {D77CBBA7-C798-4B28-8C29-CD7E1E695420}
		{17DA15A6-F6EC-4D04-83D7-CB6654491A66} = {D77CBBA7-C798-4B28-8C29-CD7E1E695420}
		{821E39D3-8DF0-477F-AA8E-753FC65677B6} = {D77CBBA7-C798-4B28-8C29-CD7E1E695420}
		{156BBCB9-C6BD-43A5-B77A-5963EC0CEFD1} = {D77CBBA7-C798-4B28-8C29-CD7E1E695420}
		{F11EC4DC-338A-4C81-B210-6C1BBB3BD69B} = {25288C0D-8364-4EBE-BDE5-6C59A6D96AFB}
		{43D28768-B4CA-412B-8AFC-A24D67ACDCFC} = {25288C0D-8364-4EBE-BDE5-6C59A6D96AFB}
		{94884B45-9700-4FC1-BEBC-1AFE606A7332} = {25288C0D-8364-4EBE-BDE5-6C59A6D96AFB}
		{32886A94-F9A6-44EE-A832-C7554442C6FD} = {25288C0D-8364-4EBE-BDE5-6C59A6D96AFB}
		{0F18B59F-79A5-4D03-84C3-1754E29E9542} = {25288C0D-8364-4EBE-BDE5-6C59A6D96AFB}
		{B6354C54-90E2-4776-ABAA-C0848E2D6AC0} = {4BB92164-DFC0-4AD5-85FB-1CB0E105C505}
	EndGlobalSection
	GlobalSection(ExtensibilityGlobals) = postSolution
		SolutionGuid = {05179309-07B0-4419-9F5A-A28DD6935087}
	EndGlobalSection
EndGlobal
